
Microsoft Visual Studio Solution File, Format Version 12.00
# Visual Studio Version 16
VisualStudioVersion = 16.0.32106.194
MinimumVisualStudioVersion = 10.0.40219.1
Project("{FAE04EC0-301F-11D3-BF4B-00C04F79EFBC}") = "Task", "Task\Task.csproj", "{204DD236-B8E0-403F-A0D6-A170D612279F}"
EndProject
Global
	GlobalSection(SolutionConfigurationPlatforms) = preSolution
		Debug|Any CPU = Debug|Any CPU
		Release|Any CPU = Release|Any CPU
	EndGlobalSection
	GlobalSection(ProjectConfigurationPlatforms) = postSolution
		{204DD236-B8E0-403F-A0D6-A170D612279F}.Debug|Any CPU.ActiveCfg = Debug|Any CPU
		{204DD236-B8E0-403F-A0D6-A170D612279F}.Debug|Any CPU.Build.0 = Debug|Any CPU
		{204DD236-B8E0-403F-A0D6-A170D612279F}.Release|Any CPU.ActiveCfg = Release|Any CPU
		{204DD236-B8E0-403F-A0D6-A170D612279F}.Release|Any CPU.Build.0 = Release|Any CPU
	EndGlobalSection
	GlobalSection(SolutionProperties) = preSolution
		HideSolutionNode = FALSE
	EndGlobalSection
	GlobalSection(ExtensibilityGlobals) = postSolution
		SolutionGuid = {620F8B48-7181-47D6-947B-B9C601FDD4BB}
	EndGlobalSection
EndGlobal
